payload:
  - DOMAIN-SUFFIX,bbc.com
  - DOMAIN-SUFFIX,adguard.com
  - DOMAIN-SUFFIX,adguard.info
  - DOMAIN-SUFFIX,linktr.ee
  - DOMAIN-SUFFIX,meduza.io
  - DOMAIN-SUFFIX,medium.com
  - DOMAIN-SUFFIX,metacritic.com
  - DOMAIN-SUFFIX,ntc.party
  - DOMAIN-SUFFIX,pornolab.net
  - DOMAIN-SUFFIX,cub.red
  - DOMAIN-SUFFIX,ntc.party
  - DOMAIN-SUFFIX,itch.io
  - DOMAIN-SUFFIX,tealstreet.io
  - DOMAIN-SUFFIX,blitz.gg  
  - DOMAIN-SUFFIX,iesdev.com
  - DOMAIN-SUFFIX,kino.pub
  - DOMAIN-SUFFIX,vdsina.com
  - DOMAIN-SUFFIX,threads.com
  - DOMAIN-SUFFIX,amnezia.org